
Microsoft Visual Studio Solution File, Format Version 12.00
# Visual Studio Version 16
VisualStudioVersion = 16.0.29326.143
MinimumVisualStudioVersion = 10.0.40219.1
Project("{FAE04EC0-301F-11D3-BF4B-00C04F79EFBC}") = "libcrux", "Crux\libcrux.csproj", "{E2175B1A-2104-49B0-8F09-A907897B4B6E}"
EndProject
Project("{FAE04EC0-301F-11D3-BF4B-00C04F79EFBC}") = "Editor", "Editor\Editor.csproj", "{90F8036E-2EE7-41F5-B020-40106EB7C6DC}"
	ProjectSection(ProjectDependencies) = postProject
		{E2175B1A-2104-49B0-8F09-A907897B4B6E} = {E2175B1A-2104-49B0-8F09-A907897B4B6E}
	EndProjectSection
EndProject
Project("{FAE04EC0-301F-11D3-BF4B-00C04F79EFBC}") = "libcruxTests", "libcruxTests\libcruxTests.csproj", "{6CD5FE80-A0FE-404A-83A2-043379E2A03D}"
EndProject
Project("{9A19103F-16F7-4668-BE54-9A1E7A4F7556}") = "libcruxcore", "CruxCore\libcruxcore.csproj", "{62B95AE9-27B4-4506-88C1-B0EC3DB45A4A}"
EndProject
Project("{9A19103F-16F7-4668-BE54-9A1E7A4F7556}") = "libcruxnstd", "libcruxnstd\libcruxnstd.csproj", "{83BB7004-DB43-440C-8064-D99A7CCAF070}"
EndProject
Project("{FAE04EC0-301F-11D3-BF4B-00C04F79EFBC}") = "mobiletests", "mobiletests\mobiletests.csproj", "{E717AD67-5282-48FD-878E-EFB1C07A6154}"
EndProject
Global
	GlobalSection(SolutionConfigurationPlatforms) = preSolution
		Debug|Any CPU = Debug|Any CPU
		Debug|x64 = Debug|x64
		Debug|x86 = Debug|x86
		Release|Any CPU = Release|Any CPU
		Release|x64 = Release|x64
		Release|x86 = Release|x86
	EndGlobalSection
	GlobalSection(ProjectConfigurationPlatforms) = postSolution
		{E2175B1A-2104-49B0-8F09-A907897B4B6E}.Debug|Any CPU.ActiveCfg = Debug|x64
		{E2175B1A-2104-49B0-8F09-A907897B4B6E}.Debug|Any CPU.Build.0 = Debug|x64
		{E2175B1A-2104-49B0-8F09-A907897B4B6E}.Debug|x64.ActiveCfg = Debug|x64
		{E2175B1A-2104-49B0-8F09-A907897B4B6E}.Debug|x64.Build.0 = Debug|x64
		{E2175B1A-2104-49B0-8F09-A907897B4B6E}.Debug|x86.ActiveCfg = Debug|x86
		{E2175B1A-2104-49B0-8F09-A907897B4B6E}.Debug|x86.Build.0 = Debug|x86
		{E2175B1A-2104-49B0-8F09-A907897B4B6E}.Release|Any CPU.ActiveCfg = Release|x86
		{E2175B1A-2104-49B0-8F09-A907897B4B6E}.Release|x64.ActiveCfg = Release|x64
		{E2175B1A-2104-49B0-8F09-A907897B4B6E}.Release|x64.Build.0 = Release|x64
		{E2175B1A-2104-49B0-8F09-A907897B4B6E}.Release|x86.ActiveCfg = Release|x86
		{E2175B1A-2104-49B0-8F09-A907897B4B6E}.Release|x86.Build.0 = Release|x86
		{90F8036E-2EE7-41F5-B020-40106EB7C6DC}.Debug|Any CPU.ActiveCfg = Debug|x64
		{90F8036E-2EE7-41F5-B020-40106EB7C6DC}.Debug|Any CPU.Build.0 = Debug|x64
		{90F8036E-2EE7-41F5-B020-40106EB7C6DC}.Debug|x64.ActiveCfg = Debug|x64
		{90F8036E-2EE7-41F5-B020-40106EB7C6DC}.Debug|x64.Build.0 = Debug|x64
		{90F8036E-2EE7-41F5-B020-40106EB7C6DC}.Debug|x86.ActiveCfg = Debug|Any CPU
		{90F8036E-2EE7-41F5-B020-40106EB7C6DC}.Debug|x86.Build.0 = Debug|Any CPU
		{90F8036E-2EE7-41F5-B020-40106EB7C6DC}.Release|Any CPU.ActiveCfg = Release|Any CPU
		{90F8036E-2EE7-41F5-B020-40106EB7C6DC}.Release|Any CPU.Build.0 = Release|Any CPU
		{90F8036E-2EE7-41F5-B020-40106EB7C6DC}.Release|x64.ActiveCfg = Release|x64
		{90F8036E-2EE7-41F5-B020-40106EB7C6DC}.Release|x64.Build.0 = Release|x64
		{90F8036E-2EE7-41F5-B020-40106EB7C6DC}.Release|x86.ActiveCfg = Release|Any CPU
		{90F8036E-2EE7-41F5-B020-40106EB7C6DC}.Release|x86.Build.0 = Release|Any CPU
		{6CD5FE80-A0FE-404A-83A2-043379E2A03D}.Debug|Any CPU.ActiveCfg = Debug|Any CPU
		{6CD5FE80-A0FE-404A-83A2-043379E2A03D}.Debug|Any CPU.Build.0 = Debug|Any CPU
		{6CD5FE80-A0FE-404A-83A2-043379E2A03D}.Debug|x64.ActiveCfg = Debug|Any CPU
		{6CD5FE80-A0FE-404A-83A2-043379E2A03D}.Debug|x64.Build.0 = Debug|Any CPU
		{6CD5FE80-A0FE-404A-83A2-043379E2A03D}.Debug|x86.ActiveCfg = Debug|Any CPU
		{6CD5FE80-A0FE-404A-83A2-043379E2A03D}.Debug|x86.Build.0 = Debug|Any CPU
		{6CD5FE80-A0FE-404A-83A2-043379E2A03D}.Release|Any CPU.ActiveCfg = Release|Any CPU
		{6CD5FE80-A0FE-404A-83A2-043379E2A03D}.Release|Any CPU.Build.0 = Release|Any CPU
		{6CD5FE80-A0FE-404A-83A2-043379E2A03D}.Release|x64.ActiveCfg = Release|Any CPU
		{6CD5FE80-A0FE-404A-83A2-043379E2A03D}.Release|x64.Build.0 = Release|Any CPU
		{6CD5FE80-A0FE-404A-83A2-043379E2A03D}.Release|x86.ActiveCfg = Release|Any CPU
		{6CD5FE80-A0FE-404A-83A2-043379E2A03D}.Release|x86.Build.0 = Release|Any CPU
		{62B95AE9-27B4-4506-88C1-B0EC3DB45A4A}.Debug|Any CPU.ActiveCfg = Debug|Any CPU
		{62B95AE9-27B4-4506-88C1-B0EC3DB45A4A}.Debug|Any CPU.Build.0 = Debug|Any CPU
		{62B95AE9-27B4-4506-88C1-B0EC3DB45A4A}.Debug|x64.ActiveCfg = Debug|Any CPU
		{62B95AE9-27B4-4506-88C1-B0EC3DB45A4A}.Debug|x64.Build.0 = Debug|Any CPU
		{62B95AE9-27B4-4506-88C1-B0EC3DB45A4A}.Debug|x86.ActiveCfg = Debug|Any CPU
		{62B95AE9-27B4-4506-88C1-B0EC3DB45A4A}.Debug|x86.Build.0 = Debug|Any CPU
		{62B95AE9-27B4-4506-88C1-B0EC3DB45A4A}.Release|Any CPU.ActiveCfg = Release|Any CPU
		{62B95AE9-27B4-4506-88C1-B0EC3DB45A4A}.Release|Any CPU.Build.0 = Release|Any CPU
		{62B95AE9-27B4-4506-88C1-B0EC3DB45A4A}.Release|x64.ActiveCfg = Release|Any CPU
		{62B95AE9-27B4-4506-88C1-B0EC3DB45A4A}.Release|x64.Build.0 = Release|Any CPU
		{62B95AE9-27B4-4506-88C1-B0EC3DB45A4A}.Release|x86.ActiveCfg = Release|Any CPU
		{62B95AE9-27B4-4506-88C1-B0EC3DB45A4A}.Release|x86.Build.0 = Release|Any CPU
		{83BB7004-DB43-440C-8064-D99A7CCAF070}.Debug|Any CPU.ActiveCfg = Debug|Any CPU
		{83BB7004-DB43-440C-8064-D99A7CCAF070}.Debug|Any CPU.Build.0 = Debug|Any CPU
		{83BB7004-DB43-440C-8064-D99A7CCAF070}.Debug|x64.ActiveCfg = Debug|Any CPU
		{83BB7004-DB43-440C-8064-D99A7CCAF070}.Debug|x64.Build.0 = Debug|Any CPU
		{83BB7004-DB43-440C-8064-D99A7CCAF070}.Debug|x86.ActiveCfg = Debug|Any CPU
		{83BB7004-DB43-440C-8064-D99A7CCAF070}.Debug|x86.Build.0 = Debug|Any CPU
		{83BB7004-DB43-440C-8064-D99A7CCAF070}.Release|Any CPU.ActiveCfg = Release|Any CPU
		{83BB7004-DB43-440C-8064-D99A7CCAF070}.Release|Any CPU.Build.0 = Release|Any CPU
		{83BB7004-DB43-440C-8064-D99A7CCAF070}.Release|x64.ActiveCfg = Release|Any CPU
		{83BB7004-DB43-440C-8064-D99A7CCAF070}.Release|x64.Build.0 = Release|Any CPU
		{83BB7004-DB43-440C-8064-D99A7CCAF070}.Release|x86.ActiveCfg = Release|Any CPU
		{83BB7004-DB43-440C-8064-D99A7CCAF070}.Release|x86.Build.0 = Release|Any CPU
		{E717AD67-5282-48FD-878E-EFB1C07A6154}.Debug|Any CPU.ActiveCfg = Debug|Any CPU
		{E717AD67-5282-48FD-878E-EFB1C07A6154}.Debug|Any CPU.Build.0 = Debug|Any CPU
		{E717AD67-5282-48FD-878E-EFB1C07A6154}.Debug|Any CPU.Deploy.0 = Debug|Any CPU
		{E717AD67-5282-48FD-878E-EFB1C07A6154}.Debug|x64.ActiveCfg = Debug|Any CPU
		{E717AD67-5282-48FD-878E-EFB1C07A6154}.Debug|x64.Build.0 = Debug|Any CPU
		{E717AD67-5282-48FD-878E-EFB1C07A6154}.Debug|x64.Deploy.0 = Debug|Any CPU
		{E717AD67-5282-48FD-878E-EFB1C07A6154}.Debug|x86.ActiveCfg = Debug|Any CPU
		{E717AD67-5282-48FD-878E-EFB1C07A6154}.Debug|x86.Build.0 = Debug|Any CPU
		{E717AD67-5282-48FD-878E-EFB1C07A6154}.Debug|x86.Deploy.0 = Debug|Any CPU
		{E717AD67-5282-48FD-878E-EFB1C07A6154}.Release|Any CPU.ActiveCfg = Release|Any CPU
		{E717AD67-5282-48FD-878E-EFB1C07A6154}.Release|Any CPU.Build.0 = Release|Any CPU
		{E717AD67-5282-48FD-878E-EFB1C07A6154}.Release|Any CPU.Deploy.0 = Release|Any CPU
		{E717AD67-5282-48FD-878E-EFB1C07A6154}.Release|x64.ActiveCfg = Release|Any CPU
		{E717AD67-5282-48FD-878E-EFB1C07A6154}.Release|x64.Build.0 = Release|Any CPU
		{E717AD67-5282-48FD-878E-EFB1C07A6154}.Release|x64.Deploy.0 = Release|Any CPU
		{E717AD67-5282-48FD-878E-EFB1C07A6154}.Release|x86.ActiveCfg = Release|Any CPU
		{E717AD67-5282-48FD-878E-EFB1C07A6154}.Release|x86.Build.0 = Release|Any CPU
		{E717AD67-5282-48FD-878E-EFB1C07A6154}.Release|x86.Deploy.0 = Release|Any CPU
	EndGlobalSection
	GlobalSection(SolutionProperties) = preSolution
		HideSolutionNode = FALSE
	EndGlobalSection
	GlobalSection(ExtensibilityGlobals) = postSolution
		SolutionGuid = {6D249121-D781-4268-8234-9F6D620A7339}
	EndGlobalSection
EndGlobal
